
Microsoft Visual Studio Solution File, Format Version 12.00
# Visual Studio 14
VisualStudioVersion = 14.0.25420.1
MinimumVisualStudioVersion = 10.0.40219.1
Project("{FAE04EC0-301F-11D3-BF4B-00C04F79EFBC}") = "App", "src\App\App.csproj", "{5312B1EE-D5A5-47DE-BDF2-056DA78AB8D9}"
EndProject
Project("{FAE04EC0-301F-11D3-BF4B-00C04F79EFBC}") = "PCLLibrary", "src\PCLLibrary\PCLLibrary.csproj", "{C2C90E6D-0463-4FAC-A9B5-2FDD7337FDF6}"
EndProject
Global
	GlobalSection(SolutionConfigurationPlatforms) = preSolution
		Debug|Any CPU = Debug|Any CPU
		Release|Any CPU = Release|Any CPU
	EndGlobalSection
	GlobalSection(ProjectConfigurationPlatforms) = postSolution
		{5312B1EE-D5A5-47DE-BDF2-056DA78AB8D9}.Debug|Any CPU.ActiveCfg = Debug|Any CPU
		{5312B1EE-D5A5-47DE-BDF2-056DA78AB8D9}.Debug|Any CPU.Build.0 = Debug|Any CPU
		{5312B1EE-D5A5-47DE-BDF2-056DA78AB8D9}.Release|Any CPU.ActiveCfg = Release|Any CPU
		{5312B1EE-D5A5-47DE-BDF2-056DA78AB8D9}.Release|Any CPU.Build.0 = Release|Any CPU
		{C2C90E6D-0463-4FAC-A9B5-2FDD7337FDF6}.Debug|Any CPU.ActiveCfg = Debug|Any CPU
		{C2C90E6D-0463-4FAC-A9B5-2FDD7337FDF6}.Debug|Any CPU.Build.0 = Debug|Any CPU
		{C2C90E6D-0463-4FAC-A9B5-2FDD7337FDF6}.Release|Any CPU.ActiveCfg = Release|Any CPU
		{C2C90E6D-0463-4FAC-A9B5-2FDD7337FDF6}.Release|Any CPU.Build.0 = Release|Any CPU
	EndGlobalSection
	GlobalSection(SolutionProperties) = preSolution
		HideSolutionNode = FALSE
	EndGlobalSection
EndGlobal
