
Microsoft Visual Studio Solution File, Format Version 12.00
# Visual Studio Version 16
VisualStudioVersion = 16.0.28803.156
MinimumVisualStudioVersion = 10.0.40219.1
Project("{2150E333-8FDC-42A3-9474-1A3956D46DE8}") = "Default", "Default", "{01BC067A-DE01-4B53-AFE9-5B78CEE4FC85}"
EndProject
Project("{2150E333-8FDC-42A3-9474-1A3956D46DE8}") = "Solution Items", "Solution Items", "{42619304-1C4F-482F-A0DD-6E566653BAA6}"
	ProjectSection(SolutionItems) = preProject
		README.txt = README.txt
	EndProjectSection
EndProject
Project("{2150E333-8FDC-42A3-9474-1A3956D46DE8}") = "GettingStarted", "GettingStarted", "{4F23CF6B-57BE-44EF-B6D3-C0F247A8DEB6}"
EndProject
Project("{9A19103F-16F7-4668-BE54-9A1E7A4F7556}") = "GettingStarted_RazorPagesContacts", "src\GettingStarted_CreatingRazorPages\GettingStarted_RazorPagesContacts\GettingStarted_RazorPagesContacts.csproj", "{483F10F0-AE9A-444B-BA25-AD43EFCECB60}"
EndProject
Project("{9A19103F-16F7-4668-BE54-9A1E7A4F7556}") = "GettingStarted_WebApiSample", "src\GettingStarted_WebApiSample\GettingStarted_WebApiSample\GettingStarted_WebApiSample.csproj", "{CD81AED2-EB19-4629-95A6-ED269C893627}"
EndProject
Project("{2150E333-8FDC-42A3-9474-1A3956D46DE8}") = "Tutorials", "Tutorials", "{4F19C00D-6324-4748-8FB0-E69052771FB3}"
EndProject
Project("{9A19103F-16F7-4668-BE54-9A1E7A4F7556}") = "Tutorials_RazorPagesMovie", "src\Tutorials_RazorPagesMovie\Tutorials_RazorPagesMovie.csproj", "{451CAD2F-CDDF-47CC-8C9C-FA51E0ADB07C}"
EndProject
Project("{9A19103F-16F7-4668-BE54-9A1E7A4F7556}") = "Tutorials_ContosoUniversityMvc", "src\Tutorials_ContosoUniversityMvc\Tutorials_ContosoUniversityMvc.csproj", "{88FBB38D-CE64-4A19-A179-E8DFF1E9EF5A}"
EndProject
Project("{2150E333-8FDC-42A3-9474-1A3956D46DE8}") = "Hosting", "Hosting", "{93E15D98-7749-4C2B-9856-CCF80BFADD06}"
EndProject
Project("{9A19103F-16F7-4668-BE54-9A1E7A4F7556}") = "Host_InWindowsService", "src\Host_InWindowsService\Host_InWindowsService.csproj", "{E184BCEC-1722-4BBE-BCEE-D7A4842B9E9A}"
EndProject
Project("{2150E333-8FDC-42A3-9474-1A3956D46DE8}") = "Security", "Security", "{41AB4F9F-8C59-4E9E-85F0-B805DA8BD751}"
EndProject
Project("{9A19103F-16F7-4668-BE54-9A1E7A4F7556}") = "Security_Indentity_Sample", "src\Security_Indentity_Sample\Security_Indentity_Sample.csproj", "{7361ADCF-C84B-4FD0-8779-9D8CF61B259B}"
EndProject
Project("{9A19103F-16F7-4668-BE54-9A1E7A4F7556}") = "Security_CustomUserDataToIdentity", "src\Security_CustomUserDataToIdentity\Security_CustomUserDataToIdentity.csproj", "{DD664940-23DD-4F04-9FFD-C781389B8653}"
EndProject
Project("{9A19103F-16F7-4668-BE54-9A1E7A4F7556}") = "Security_WindowsAuthentication", "src\Security_WindowsAuthentication\Security_WindowsAuthentication.csproj", "{4B91F566-38D0-49CF-987F-A4A16EF72990}"
EndProject
Project("{9A19103F-16F7-4668-BE54-9A1E7A4F7556}") = "Security_ExternalAuthenticationProviders", "src\Security_ExternalAuthenticationProviders\Security_ExternalAuthenticationProviders.csproj", "{747DB95A-281D-4984-A3A4-DE6073634E21}"
EndProject
Project("{9A19103F-16F7-4668-BE54-9A1E7A4F7556}") = "Security_Https", "src\Security_Https\Security_Https.csproj", "{F13CEECA-9BBF-47A7-A600-51B0086E44AB}"
EndProject
Project("{9A19103F-16F7-4668-BE54-9A1E7A4F7556}") = "Security-WS_Federation", "src\Security-WS_Federation\Security-WS_Federation.csproj", "{93651D49-B990-46D8-B4B2-C592255EBA3E}"
EndProject
Project("{9A19103F-16F7-4668-BE54-9A1E7A4F7556}") = "Security_IndividualUserAccounts", "src\Security_IndividualUserAccounts\Security_IndividualUserAccounts.csproj", "{2ACF1F83-FBD2-4D79-B36B-94C97CFD787E}"
EndProject
Project("{9A19103F-16F7-4668-BE54-9A1E7A4F7556}") = "Security_Authentication_RazorPages_Cookie", "src\Security_Authentication_RazorPages_Cookie\Security_Authentication_RazorPages_Cookie.csproj", "{3B8B8B7F-30B4-422F-80E8-A9C28CB7B43C}"
EndProject
Project("{9A19103F-16F7-4668-BE54-9A1E7A4F7556}") = "Tutorials_TodoApi", "src\Tutorials_TodoApi\Tutorials_TodoApi.csproj", "{E97B9E46-D0E7-4538-A9A0-CAC254688592}"
EndProject
Project("{9A19103F-16F7-4668-BE54-9A1E7A4F7556}") = "Tutorials_WebApiWithMongoDb", "src\Tutorials_WebApiWithMongoDb\Tutorials_WebApiWithMongoDb.csproj", "{83803C48-B627-4243-8D35-1FC47C57C4C9}"
EndProject
Project("{9A19103F-16F7-4668-BE54-9A1E7A4F7556}") = "Tutorials_TodoApiMobileBackend", "src\Tutorials_TodoApiMobileBackend\Tutorials_TodoApiMobileBackend.csproj", "{24DBD315-F00D-41B5-B784-58B1C0755B08}"
EndProject
Project("{9A19103F-16F7-4668-BE54-9A1E7A4F7556}") = "Tutorials_WebApps_RazorPages", "src\Tutorials_WebApps_RazorPages\Tutorials_WebApps_RazorPages.csproj", "{C22C912E-9086-45A3-9B97-28C40A6376DB}"
EndProject
Project("{9A19103F-16F7-4668-BE54-9A1E7A4F7556}") = "Tutorials_RazorPagesMovieMvc", "src\Tutorials_RazorPagesMovieMvc\Tutorials_RazorPagesMovieMvc.csproj", "{BFF4DE85-F41B-4C58-8A00-B8D98A984000}"
EndProject
Project("{9A19103F-16F7-4668-BE54-9A1E7A4F7556}") = "Tutorials_SignalRChat_RazorPages", "src\Tutorials_SignalRChat_RazorPages\Tutorials_SignalRChat_RazorPages.csproj", "{016B873D-5152-454D-B4CE-6F044C67A8EE}"
EndProject
Project("{9A19103F-16F7-4668-BE54-9A1E7A4F7556}") = "Tutorials_SignalRChat_WebPack_RazorPages", "src\Tutorials_SignalRChat_WebPack_RazorPages\Tutorials_SignalRChat_WebPack_RazorPages.csproj", "{9C1B9263-9D58-4866-8A13-49FD04F5D919}"
EndProject
Project("{9A19103F-16F7-4668-BE54-9A1E7A4F7556}") = "Tutorials_ContosoUniversity_RazorPages", "src\Tutorials_ContosoUniversity_RazorPages\Tutorials_ContosoUniversity_RazorPages.csproj", "{BE0E6390-99E9-4662-886A-FBF051FD9C22}"
EndProject
Project("{9A19103F-16F7-4668-BE54-9A1E7A4F7556}") = "Tutorials_EFGetStarted.AspNetCore.NewDb", "src\Tutorials_EFGetStarted.AspNetCore.NewDb\Tutorials_EFGetStarted.AspNetCore.NewDb.csproj", "{9FFD3520-2FA0-40BC-8363-CE723F46FDD3}"
EndProject
Project("{9A19103F-16F7-4668-BE54-9A1E7A4F7556}") = "Tutorials_EFGetStarted.AspNetCore.ExistingDb", "src\Tutorials_EFGetStarted.AspNetCore.ExistingDb\Tutorials_EFGetStarted.AspNetCore.ExistingDb.csproj", "{C3103721-5459-46AF-9E73-D980D3C2F3FE}"
EndProject
Project("{9A19103F-16F7-4668-BE54-9A1E7A4F7556}") = "Tutorials_EF_Core_With_MVC", "src\Tutorials_EF_Core_With_MVC\Tutorials_EF_Core_With_MVC.csproj", "{2BA66BEA-623F-4D99-B533-B8D4CDC895B9}"
EndProject
Project("{2150E333-8FDC-42A3-9474-1A3956D46DE8}") = "Fundamentals", "Fundamentals", "{FD87B9F7-931B-440D-BA33-6E0072E4E072}"
EndProject
Project("{9A19103F-16F7-4668-BE54-9A1E7A4F7556}") = "Fundamentals_StartupClass", "src\Fundamentals_StartupClass\Fundamentals_StartupClass.csproj", "{0DEA9CD5-B7EA-4DC4-AC3C-B55E1465F8A3}"
EndProject
Project("{9A19103F-16F7-4668-BE54-9A1E7A4F7556}") = "Fundamentals_DependencyInjection", "src\Fundamentals_DependencyInjection\Fundamentals_DependencyInjection.csproj", "{4B45BBED-D91D-413A-91DB-DCC8C9247BBE}"
EndProject
Project("{9A19103F-16F7-4668-BE54-9A1E7A4F7556}") = "Fundamentals_Middleware", "src\Fundamentals_Middleware\Fundamentals_Middleware.csproj", "{FC852EF4-BF98-455D-93F1-C9C7A6A613CB}"
EndProject
Project("{9A19103F-16F7-4668-BE54-9A1E7A4F7556}") = "Fundamentals_TheHost", "src\Fundamentals_TheHost\Fundamentals_TheHost.csproj", "{6D4D364E-466E-4C6F-B383-2971A4AE2CF4}"
EndProject
Project("{2150E333-8FDC-42A3-9474-1A3956D46DE8}") = "OData", "OData", "{1C9C8201-A777-4BDC-A8C6-D6F88403D1E5}"
EndProject
Project("{9A19103F-16F7-4668-BE54-9A1E7A4F7556}") = "OData_AdventureWorks", "src\OData_AdventureWorks\OData_AdventureWorks.csproj", "{665FA563-813A-43C3-83B8-17E10A78267B}"
EndProject
Project("{9A19103F-16F7-4668-BE54-9A1E7A4F7556}") = "OData_Samples", "src\OData_Samples\OData_Samples.csproj", "{40A324AD-8E4F-42FE-8055-B91E85A18147}"
EndProject
Project("{9A19103F-16F7-4668-BE54-9A1E7A4F7556}") = "Solution_DevResources", "src\Solution_DevResources\Solution_DevResources.csproj", "{5078C805-3753-47E1-A22C-1C844D1EB243}"
EndProject
Project("{9A19103F-16F7-4668-BE54-9A1E7A4F7556}") = "OData_ClientSamplesConsole", "src\OData_ClientSamplesConsole\OData_ClientSamplesConsole.csproj", "{4BD48D31-9A81-4A76-AAAE-0CFE7F2FF63D}"
EndProject
Project("{9A19103F-16F7-4668-BE54-9A1E7A4F7556}") = "Fundamentals_Configuration", "src\Fundamentals_Configuration\Fundamentals_Configuration.csproj", "{1A626369-8CC0-46DC-9AEC-A9B0FF3BAB94}"
EndProject
Project("{9A19103F-16F7-4668-BE54-9A1E7A4F7556}") = "Fundamentals_StaticFiles", "src\Fundamentals_StaticFiles\Fundamentals_StaticFiles.csproj", "{9D2D5EF4-1F9C-4383-B7F2-2477F7B5957C}"
EndProject
Project("{2150E333-8FDC-42A3-9474-1A3956D46DE8}") = "Advanced", "Advanced", "{5F97512E-C0A7-4C02-8D40-2648B212F3EA}"
EndProject
Project("{9A19103F-16F7-4668-BE54-9A1E7A4F7556}") = "Advanced_BackgroundTasksAndHostedServices", "src\Advanced_BackgroundTasksAndHostedServices\Advanced_BackgroundTasksAndHostedServices.csproj", "{CE0948C7-EF7F-4F69-ADC7-37D96559D0CC}"
EndProject
Project("{9A19103F-16F7-4668-BE54-9A1E7A4F7556}") = "Fundamentals_Options", "src\Fundamentals_Options\Fundamentals_Options.csproj", "{57593DF6-A1A7-43F4-8643-E8600290BE1A}"
EndProject
Project("{9A19103F-16F7-4668-BE54-9A1E7A4F7556}") = "Fundamentals_Environments", "src\Fundamentals_Environments\Fundamentals_Environments.csproj", "{0DFA8CAB-0A3B-4A87-A4FD-2D32D4BDC5FD}"
EndProject
Project("{9A19103F-16F7-4668-BE54-9A1E7A4F7556}") = "Fundamentals_Logging", "src\Fundamentals_Logging\Fundamentals_Logging.csproj", "{672D37DD-355A-4F8F-AE26-30EE2DC09A1F}"
EndProject
Project("{9A19103F-16F7-4668-BE54-9A1E7A4F7556}") = "Fundamentals_Routing", "src\Fundamentals_Routing\Fundamentals_Routing.csproj", "{A07A1743-BE7D-4CA6-A70C-06E4502E50E8}"
EndProject
Project("{9A19103F-16F7-4668-BE54-9A1E7A4F7556}") = "Fundamentals_HandleErrors", "src\Fundamentals_HandleErrors\Fundamentals_HandleErrors.csproj", "{C017AF20-F86E-4CA9-9668-B29478927CCB}"
EndProject
Project("{9A19103F-16F7-4668-BE54-9A1E7A4F7556}") = "Fundamentals_MakeHttpRequests", "src\Fundamentals_MakeHttpRequests\Fundamentals_MakeHttpRequests.csproj", "{11E26228-D361-4ED2-B623-FF3D22009A0D}"
EndProject
Project("{9A19103F-16F7-4668-BE54-9A1E7A4F7556}") = "Default_EmptyProject", "src\Default_EmptyProject\Default_EmptyProject.csproj", "{BF170607-2E97-48A5-B895-B020DF5947BD}"
EndProject
Project("{9A19103F-16F7-4668-BE54-9A1E7A4F7556}") = "Default_EmptyProject_Docker", "src\Default_EmptyProject_Docker\Default_EmptyProject_Docker.csproj", "{9451332A-94BC-4138-B208-6320F5139CEE}"
EndProject
Project("{9A19103F-16F7-4668-BE54-9A1E7A4F7556}") = "Default_WebApplication", "src\Default_WebApplication\Default_WebApplication.csproj", "{4AC8813F-38B0-4BF7-9B32-6D05740001C2}"
EndProject
Project("{9A19103F-16F7-4668-BE54-9A1E7A4F7556}") = "Default_WebApplication_MVC", "src\Default_WebApplication_MVC\Default_WebApplication_MVC.csproj", "{8627EF40-1412-4D0E-B113-67FF89EB45AC}"
EndProject
Project("{9A19103F-16F7-4668-BE54-9A1E7A4F7556}") = "Default_WebApplication_API", "src\Default_WebApplication_API\Default_WebApplication_API.csproj", "{A99BA460-065E-4D17-AA96-FF189CBCFECE}"
EndProject
Project("{9A19103F-16F7-4668-BE54-9A1E7A4F7556}") = "Default_WebApplication_MVC_IndividualUserAccount", "src\Default_WebApplication_MVC_IndividualUserAccount\Default_WebApplication_MVC_IndividualUserAccount.csproj", "{92896A74-6B48-4813-B63B-5A29309069F0}"
EndProject
Project("{9A19103F-16F7-4668-BE54-9A1E7A4F7556}") = "Default_WebApplication_MVC_WindowsAuthentication", "src\Default_WebApplication_MVC_WindowsAuthentication\Default_WebApplication_MVC_WindowsAuthentication.csproj", "{907ADA62-ACEF-47C6-8346-C8B815EF5CCF}"
EndProject
Project("{9A19103F-16F7-4668-BE54-9A1E7A4F7556}") = "Default_RazorClassLibrary", "src\Default_RazorClassLibrary\Default_RazorClassLibrary.csproj", "{8D3AACB0-1DAB-4A6B-9C4F-84ED608DAEBD}"
EndProject
Project("{9A19103F-16F7-4668-BE54-9A1E7A4F7556}") = "MassiveORM_Samples", "src\MassiveORM_Samples\MassiveORM_Samples.csproj", "{A2A1A120-052C-4F29-A288-05799F577562}"
EndProject
Project("{2150E333-8FDC-42A3-9474-1A3956D46DE8}") = "WebApps", "WebApps", "{3DF44458-5277-4486-B3F3-585CF7B357AE}"
EndProject
Project("{9A19103F-16F7-4668-BE54-9A1E7A4F7556}") = "WebApps_RazorPages_Introduction", "src\WebApps_RazorPages_Introduction\WebApps_RazorPages_Introduction.csproj", "{911ADA80-C262-4BFD-9A43-807463DF7A8B}"
EndProject
Project("{9A19103F-16F7-4668-BE54-9A1E7A4F7556}") = "WebApps_RazorPages_Filters", "src\WebApps_RazorPages_Filters\WebApps_RazorPages_Filters.csproj", "{C1DDFC2D-250F-4B10-A6D8-027F7B9303BA}"
EndProject
Project("{9A19103F-16F7-4668-BE54-9A1E7A4F7556}") = "WebApps_RazorPages_RazorClassLibrary", "src\WebApps_RazorPages_RazorClassLibrary\WebApps_RazorPages_RazorClassLibrary.csproj", "{B66C6F64-9B6F-419D-8846-B864C6A6BABF}"
EndProject
Project("{9A19103F-16F7-4668-BE54-9A1E7A4F7556}") = "WebApps_RazorPages_RazorClassLibraryApplication", "src\WebApps_RazorPages_RazorClassLibraryApplication\WebApps_RazorPages_RazorClassLibraryApplication.csproj", "{E941E08C-7A9E-47A8-BEA2-DFEC647196C3}"
EndProject
Project("{9A19103F-16F7-4668-BE54-9A1E7A4F7556}") = "WebApps_RazorPages_SQLite", "src\WebApps_RazorPages_SQLite\WebApps_RazorPages_SQLite.csproj", "{0EA22E9A-A630-420A-AA0E-35DDAD759A0D}"
EndProject
Project("{9A19103F-16F7-4668-BE54-9A1E7A4F7556}") = "WebApps_RazorPages_RouteAndAppConventions", "src\WebApps_RazorPages_RouteAndAppConventions\WebApps_RazorPages_RouteAndAppConventions.csproj", "{4D98D842-5E8E-4CFD-8183-3634EA87CABF}"
EndProject
Project("{9A19103F-16F7-4668-BE54-9A1E7A4F7556}") = "WebApps_RazorPages_UploadFiles", "src\WebApps_RazorPages_UploadFiles\WebApps_RazorPages_UploadFiles.csproj", "{A84040E1-8936-4C77-884F-31F239FB933F}"
EndProject
Project("{9A19103F-16F7-4668-BE54-9A1E7A4F7556}") = "WebApps_Mvc_Routing", "src\WebApps_Mvc_Routing\WebApps_Mvc_Routing.csproj", "{3A651A44-BABD-43D5-98E4-DB42A81DDBD4}"
EndProject
Project("{9A19103F-16F7-4668-BE54-9A1E7A4F7556}") = "WebApps_Mvc_FileUploads", "src\WebApps_Mvc_FileUploads\WebApps_Mvc_FileUploads.csproj", "{B1DEE6EA-42FB-4152-9B54-08FAE8316A5C}"
EndProject
Project("{9A19103F-16F7-4668-BE54-9A1E7A4F7556}") = "WebApps_Mvc_DependencyInjection", "src\WebApps_Mvc_DependencyInjection\WebApps_Mvc_DependencyInjection.csproj", "{72F170FB-F333-4345-9442-9CF556F754F0}"
EndProject
Project("{9A19103F-16F7-4668-BE54-9A1E7A4F7556}") = "WebApps_Mvc_DependencyInjection.Test", "src\WebApps_Mvc_DependencyInjection.Test\WebApps_Mvc_DependencyInjection.Test.csproj", "{C4F10018-DAFA-4739-9B9F-F8B90CFD286A}"
EndProject
Project("{2150E333-8FDC-42A3-9474-1A3956D46DE8}") = "Blazor", "Blazor", "{510746BD-FAFA-403E-8B58-120FAAD2059A}"
EndProject
Project("{9A19103F-16F7-4668-BE54-9A1E7A4F7556}") = "Blazor_GetStarted_ClientSide", "src\Blazor_GetStarted_ClientSide\Blazor_GetStarted_ClientSide.csproj", "{D76BF1D2-5248-4E9F-8B1F-55036798E300}"
EndProject
Project("{9A19103F-16F7-4668-BE54-9A1E7A4F7556}") = "Blazor_GetStarted_ServerSide", "src\Blazor_GetStarted_ServerSide\Blazor_GetStarted_ServerSide.csproj", "{961A781D-8062-41E8-A57B-062440C075FD}"
EndProject
Project("{9A19103F-16F7-4668-BE54-9A1E7A4F7556}") = "Blazor_GetStarted_Components", "src\Blazor_GetStarted_Components\Blazor_GetStarted_Components.csproj", "{D3101A90-3603-4F22-9C98-B7493A380AA0}"
EndProject
Project("{9A19103F-16F7-4668-BE54-9A1E7A4F7556}") = "Default_Blazor_ClientSide", "src\Default_Blazor_ClientSide\Default_Blazor_ClientSide.csproj", "{A6388FA3-8EDF-4465-B9E3-69FBBEA5B2C8}"
EndProject
Project("{9A19103F-16F7-4668-BE54-9A1E7A4F7556}") = "Default_Blazor_ServerSide", "src\Default_Blazor_ServerSide\Default_Blazor_ServerSide.csproj", "{EE19A303-B70A-474F-9D57-AA313DEA1BD6}"
EndProject
Project("{9A19103F-16F7-4668-BE54-9A1E7A4F7556}") = "Default_Blazor_AspNetCoreHosted.Server", "src\Default_Blazor_AspNetCoreHosted.Server\Default_Blazor_AspNetCoreHosted.Server.csproj", "{45B6EC95-1D11-497D-AC56-EC870BDF176A}"
EndProject
Project("{9A19103F-16F7-4668-BE54-9A1E7A4F7556}") = "Default_Blazor_AspNetCoreHosted.Client", "src\Default_Blazor_AspNetCoreHosted.Client\Default_Blazor_AspNetCoreHosted.Client.csproj", "{F70E35C1-FC07-43DD-BD7F-4C546E534DCB}"
EndProject
Project("{9A19103F-16F7-4668-BE54-9A1E7A4F7556}") = "Default_Blazor_AspNetCoreHosted.Shared", "src\Default_Blazor_AspNetCoreHosted.Shared\Default_Blazor_AspNetCoreHosted.Shared.csproj", "{D494EC3F-1BBD-4CDC-8712-CE62EC3412A3}"
EndProject
Project("{9A19103F-16F7-4668-BE54-9A1E7A4F7556}") = "Blazor_GetStarted_ClassLib", "src\Blazor_GetStarted_ClassLib\Blazor_GetStarted_ClassLib.csproj", "{CF82324C-B2E9-4E64-BB43-0EE1D793EA41}"
EndProject
Project("{9A19103F-16F7-4668-BE54-9A1E7A4F7556}") = "Default_WebApplication_Angular", "src\Default_WebApplication_Angular\Default_WebApplication_Angular.csproj", "{A7C60D71-ED00-4396-BB3C-3CB0093CE9AA}"
EndProject
Project("{9A19103F-16F7-4668-BE54-9A1E7A4F7556}") = "Default_WebApplication_React", "src\Default_WebApplication_React\Default_WebApplication_React.csproj", "{8FE9574F-1060-4244-9FF7-46FF42EFFF26}"
EndProject
Project("{9A19103F-16F7-4668-BE54-9A1E7A4F7556}") = "Default_WebApplication_ReactWithRedux", "src\Default_WebApplication_ReactWithRedux\Default_WebApplication_ReactWithRedux.csproj", "{F536212A-DC03-48B9-9143-E8EB418A53B0}"
EndProject
Project("{2150E333-8FDC-42A3-9474-1A3956D46DE8}") = "ClientSideDevelopment", "ClientSideDevelopment", "{70BAC9E5-DE9E-4879-A154-9541447B7BB4}"
EndProject
Project("{9A19103F-16F7-4668-BE54-9A1E7A4F7556}") = "ClientSideDevelopment_LibMan", "src\ClientSideDevelopment_LibMan\ClientSideDevelopment_LibMan.csproj", "{250FA32F-5D3D-4B19-A080-68A6F62E423F}"
EndProject
Project("{9A19103F-16F7-4668-BE54-9A1E7A4F7556}") = "ClientSideDevelopment_Grunt", "src\ClientSideDevelopment_Grunt\ClientSideDevelopment_Grunt.csproj", "{A0E548CB-1115-47CB-961C-684747777F7F}"
EndProject
Project("{9A19103F-16F7-4668-BE54-9A1E7A4F7556}") = "ClientSideDevelopment_BundleAndMinify", "src\ClientSideDevelopment_BundleAndMinify\ClientSideDevelopment_BundleAndMinify.csproj", "{F9015956-507A-44C5-A41C-48747FFBA4B3}"
EndProject
Project("{9A19103F-16F7-4668-BE54-9A1E7A4F7556}") = "ClientSideDevelopment_BrowserLink", "src\ClientSideDevelopment_BrowserLink\ClientSideDevelopment_BrowserLink.csproj", "{2ECDD8F7-5B9C-4A70-B2EA-2AB7F0DCEA48}"
EndProject
Project("{9A19103F-16F7-4668-BE54-9A1E7A4F7556}") = "Default_WebApplication_RazorPages_3", "src\Default_WebApplication_RazorPages_3\Default_WebApplication_RazorPages_3.csproj", "{9F333386-D308-44C2-BF5A-170064EB7548}"
EndProject
Project("{9A19103F-16F7-4668-BE54-9A1E7A4F7556}") = "Default_WebApplication_Mvc_3", "src\Default_WebApplication_Mvc_3\Default_WebApplication_Mvc_3.csproj", "{60370E6F-69BE-47BF-870C-6652F6CC9B62}"
EndProject
Project("{9A19103F-16F7-4668-BE54-9A1E7A4F7556}") = "WebApps_SessionAndAppState_V3", "src\WebApps_SessionAndAppState_V3\WebApps_SessionAndAppState_V3.csproj", "{E6EF2114-91B3-4A91-8F99-FDE545522562}"
EndProject
Project("{9A19103F-16F7-4668-BE54-9A1E7A4F7556}") = "WebApps_RazorSyntax_V3", "src\WebApps_RazorSyntax_V3\WebApps_RazorSyntax_V3.csproj", "{63666301-924C-4319-BF13-A20EE2B09403}"
EndProject
Project("{9A19103F-16F7-4668-BE54-9A1E7A4F7556}") = "WevApps_TagHelpers_V3", "src\WevApps_TagHelpers_V3\WevApps_TagHelpers_V3.csproj", "{2FCE07A9-F7FE-4DE8-BD95-74B2BD03F87F}"
EndProject
Project("{9A19103F-16F7-4668-BE54-9A1E7A4F7556}") = "Default_WebApplication_RazorPages_IUA_3", "src\Default_WebApplication_RazorPages_IUA_3\Default_WebApplication_RazorPages_IUA_3.csproj", "{81C286C3-F10F-4CBD-9924-66F9BFE08078}"
EndProject
Project("{9A19103F-16F7-4668-BE54-9A1E7A4F7556}") = "WebApps_Advanced_AppModel", "src\WebApps_Advanced_AppModel\WebApps_Advanced_AppModel.csproj", "{2C464A43-05AB-4DA8-B438-EA9FE5E72B90}"
EndProject
Project("{9A19103F-16F7-4668-BE54-9A1E7A4F7556}") = "WebApps_Advanced_ViewCompilation", "src\WebApps_Advanced_ViewCompilation\WebApps_Advanced_ViewCompilation.csproj", "{E4F82ADE-F7C8-4DEF-A169-E795544DAF61}"
EndProject
Project("{9A19103F-16F7-4668-BE54-9A1E7A4F7556}") = "WebApps_Advanced_ViewComponents", "src\WebApps_Advanced_ViewComponents\WebApps_Advanced_ViewComponents.csproj", "{32101078-F6D1-477D-884F-FC4B5423DD8B}"
EndProject
Project("{9A19103F-16F7-4668-BE54-9A1E7A4F7556}") = "WebApps_Advanced_Areas", "src\WebApps_Advanced_Areas\WebApps_Advanced_Areas.csproj", "{8BC87BE7-155D-4D8D-987A-157FCB551FE0}"
EndProject
Project("{FAE04EC0-301F-11D3-BF4B-00C04F79EFBC}") = "WebApps_Advanced_AppParts", "src\WebApps_Advanced_AppParts\WebApps_Advanced_AppParts.csproj", "{40990B53-BF2D-4ED7-AA23-1D84E3207902}"
EndProject
Project("{FAE04EC0-301F-11D3-BF4B-00C04F79EFBC}") = "WebApps_Advanced_AppParts_Plugin", "src\WebApps_Advanced_AppParts_Plugin\WebApps_Advanced_AppParts_Plugin.csproj", "{D6BE6DE7-DF8B-4EE6-85D4-6BAC078B6834}"
EndProject
Global
	GlobalSection(SolutionConfigurationPlatforms) = preSolution
		Debug|Any CPU = Debug|Any CPU
		Release|Any CPU = Release|Any CPU
	EndGlobalSection
	GlobalSection(ProjectConfigurationPlatforms) = postSolution
		{483F10F0-AE9A-444B-BA25-AD43EFCECB60}.Debug|Any CPU.ActiveCfg = Debug|Any CPU
		{483F10F0-AE9A-444B-BA25-AD43EFCECB60}.Debug|Any CPU.Build.0 = Debug|Any CPU
		{483F10F0-AE9A-444B-BA25-AD43EFCECB60}.Release|Any CPU.ActiveCfg = Release|Any CPU
		{483F10F0-AE9A-444B-BA25-AD43EFCECB60}.Release|Any CPU.Build.0 = Release|Any CPU
		{CD81AED2-EB19-4629-95A6-ED269C893627}.Debug|Any CPU.ActiveCfg = Debug|Any CPU
		{CD81AED2-EB19-4629-95A6-ED269C893627}.Debug|Any CPU.Build.0 = Debug|Any CPU
		{CD81AED2-EB19-4629-95A6-ED269C893627}.Release|Any CPU.ActiveCfg = Release|Any CPU
		{CD81AED2-EB19-4629-95A6-ED269C893627}.Release|Any CPU.Build.0 = Release|Any CPU
		{451CAD2F-CDDF-47CC-8C9C-FA51E0ADB07C}.Debug|Any CPU.ActiveCfg = Debug|Any CPU
		{451CAD2F-CDDF-47CC-8C9C-FA51E0ADB07C}.Debug|Any CPU.Build.0 = Debug|Any CPU
		{451CAD2F-CDDF-47CC-8C9C-FA51E0ADB07C}.Release|Any CPU.ActiveCfg = Release|Any CPU
		{451CAD2F-CDDF-47CC-8C9C-FA51E0ADB07C}.Release|Any CPU.Build.0 = Release|Any CPU
		{88FBB38D-CE64-4A19-A179-E8DFF1E9EF5A}.Debug|Any CPU.ActiveCfg = Debug|Any CPU
		{88FBB38D-CE64-4A19-A179-E8DFF1E9EF5A}.Debug|Any CPU.Build.0 = Debug|Any CPU
		{88FBB38D-CE64-4A19-A179-E8DFF1E9EF5A}.Release|Any CPU.ActiveCfg = Release|Any CPU
		{88FBB38D-CE64-4A19-A179-E8DFF1E9EF5A}.Release|Any CPU.Build.0 = Release|Any CPU
		{E184BCEC-1722-4BBE-BCEE-D7A4842B9E9A}.Debug|Any CPU.ActiveCfg = Debug|Any CPU
		{E184BCEC-1722-4BBE-BCEE-D7A4842B9E9A}.Debug|Any CPU.Build.0 = Debug|Any CPU
		{E184BCEC-1722-4BBE-BCEE-D7A4842B9E9A}.Release|Any CPU.ActiveCfg = Release|Any CPU
		{E184BCEC-1722-4BBE-BCEE-D7A4842B9E9A}.Release|Any CPU.Build.0 = Release|Any CPU
		{7361ADCF-C84B-4FD0-8779-9D8CF61B259B}.Debug|Any CPU.ActiveCfg = Debug|Any CPU
		{7361ADCF-C84B-4FD0-8779-9D8CF61B259B}.Debug|Any CPU.Build.0 = Debug|Any CPU
		{7361ADCF-C84B-4FD0-8779-9D8CF61B259B}.Release|Any CPU.ActiveCfg = Release|Any CPU
		{7361ADCF-C84B-4FD0-8779-9D8CF61B259B}.Release|Any CPU.Build.0 = Release|Any CPU
		{DD664940-23DD-4F04-9FFD-C781389B8653}.Debug|Any CPU.ActiveCfg = Debug|Any CPU
		{DD664940-23DD-4F04-9FFD-C781389B8653}.Debug|Any CPU.Build.0 = Debug|Any CPU
		{DD664940-23DD-4F04-9FFD-C781389B8653}.Release|Any CPU.ActiveCfg = Release|Any CPU
		{DD664940-23DD-4F04-9FFD-C781389B8653}.Release|Any CPU.Build.0 = Release|Any CPU
		{4B91F566-38D0-49CF-987F-A4A16EF72990}.Debug|Any CPU.ActiveCfg = Debug|Any CPU
		{4B91F566-38D0-49CF-987F-A4A16EF72990}.Debug|Any CPU.Build.0 = Debug|Any CPU
		{4B91F566-38D0-49CF-987F-A4A16EF72990}.Release|Any CPU.ActiveCfg = Release|Any CPU
		{4B91F566-38D0-49CF-987F-A4A16EF72990}.Release|Any CPU.Build.0 = Release|Any CPU
		{747DB95A-281D-4984-A3A4-DE6073634E21}.Debug|Any CPU.ActiveCfg = Debug|Any CPU
		{747DB95A-281D-4984-A3A4-DE6073634E21}.Debug|Any CPU.Build.0 = Debug|Any CPU
		{747DB95A-281D-4984-A3A4-DE6073634E21}.Release|Any CPU.ActiveCfg = Release|Any CPU
		{747DB95A-281D-4984-A3A4-DE6073634E21}.Release|Any CPU.Build.0 = Release|Any CPU
		{F13CEECA-9BBF-47A7-A600-51B0086E44AB}.Debug|Any CPU.ActiveCfg = Debug|Any CPU
		{F13CEECA-9BBF-47A7-A600-51B0086E44AB}.Debug|Any CPU.Build.0 = Debug|Any CPU
		{F13CEECA-9BBF-47A7-A600-51B0086E44AB}.Release|Any CPU.ActiveCfg = Release|Any CPU
		{F13CEECA-9BBF-47A7-A600-51B0086E44AB}.Release|Any CPU.Build.0 = Release|Any CPU
		{93651D49-B990-46D8-B4B2-C592255EBA3E}.Debug|Any CPU.ActiveCfg = Debug|Any CPU
		{93651D49-B990-46D8-B4B2-C592255EBA3E}.Debug|Any CPU.Build.0 = Debug|Any CPU
		{93651D49-B990-46D8-B4B2-C592255EBA3E}.Release|Any CPU.ActiveCfg = Release|Any CPU
		{93651D49-B990-46D8-B4B2-C592255EBA3E}.Release|Any CPU.Build.0 = Release|Any CPU
		{2ACF1F83-FBD2-4D79-B36B-94C97CFD787E}.Debug|Any CPU.ActiveCfg = Debug|Any CPU
		{2ACF1F83-FBD2-4D79-B36B-94C97CFD787E}.Debug|Any CPU.Build.0 = Debug|Any CPU
		{2ACF1F83-FBD2-4D79-B36B-94C97CFD787E}.Release|Any CPU.ActiveCfg = Release|Any CPU
		{2ACF1F83-FBD2-4D79-B36B-94C97CFD787E}.Release|Any CPU.Build.0 = Release|Any CPU
		{3B8B8B7F-30B4-422F-80E8-A9C28CB7B43C}.Debug|Any CPU.ActiveCfg = Debug|Any CPU
		{3B8B8B7F-30B4-422F-80E8-A9C28CB7B43C}.Debug|Any CPU.Build.0 = Debug|Any CPU
		{3B8B8B7F-30B4-422F-80E8-A9C28CB7B43C}.Release|Any CPU.ActiveCfg = Release|Any CPU
		{3B8B8B7F-30B4-422F-80E8-A9C28CB7B43C}.Release|Any CPU.Build.0 = Release|Any CPU
		{E97B9E46-D0E7-4538-A9A0-CAC254688592}.Debug|Any CPU.ActiveCfg = Debug|Any CPU
		{E97B9E46-D0E7-4538-A9A0-CAC254688592}.Debug|Any CPU.Build.0 = Debug|Any CPU
		{E97B9E46-D0E7-4538-A9A0-CAC254688592}.Release|Any CPU.ActiveCfg = Release|Any CPU
		{E97B9E46-D0E7-4538-A9A0-CAC254688592}.Release|Any CPU.Build.0 = Release|Any CPU
		{83803C48-B627-4243-8D35-1FC47C57C4C9}.Debug|Any CPU.ActiveCfg = Debug|Any CPU
		{83803C48-B627-4243-8D35-1FC47C57C4C9}.Debug|Any CPU.Build.0 = Debug|Any CPU
		{83803C48-B627-4243-8D35-1FC47C57C4C9}.Release|Any CPU.ActiveCfg = Release|Any CPU
		{83803C48-B627-4243-8D35-1FC47C57C4C9}.Release|Any CPU.Build.0 = Release|Any CPU
		{24DBD315-F00D-41B5-B784-58B1C0755B08}.Debug|Any CPU.ActiveCfg = Debug|Any CPU
		{24DBD315-F00D-41B5-B784-58B1C0755B08}.Debug|Any CPU.Build.0 = Debug|Any CPU
		{24DBD315-F00D-41B5-B784-58B1C0755B08}.Release|Any CPU.ActiveCfg = Release|Any CPU
		{24DBD315-F00D-41B5-B784-58B1C0755B08}.Release|Any CPU.Build.0 = Release|Any CPU
		{C22C912E-9086-45A3-9B97-28C40A6376DB}.Debug|Any CPU.ActiveCfg = Debug|Any CPU
		{C22C912E-9086-45A3-9B97-28C40A6376DB}.Debug|Any CPU.Build.0 = Debug|Any CPU
		{C22C912E-9086-45A3-9B97-28C40A6376DB}.Release|Any CPU.ActiveCfg = Release|Any CPU
		{C22C912E-9086-45A3-9B97-28C40A6376DB}.Release|Any CPU.Build.0 = Release|Any CPU
		{BFF4DE85-F41B-4C58-8A00-B8D98A984000}.Debug|Any CPU.ActiveCfg = Debug|Any CPU
		{BFF4DE85-F41B-4C58-8A00-B8D98A984000}.Debug|Any CPU.Build.0 = Debug|Any CPU
		{BFF4DE85-F41B-4C58-8A00-B8D98A984000}.Release|Any CPU.ActiveCfg = Release|Any CPU
		{BFF4DE85-F41B-4C58-8A00-B8D98A984000}.Release|Any CPU.Build.0 = Release|Any CPU
		{016B873D-5152-454D-B4CE-6F044C67A8EE}.Debug|Any CPU.ActiveCfg = Debug|Any CPU
		{016B873D-5152-454D-B4CE-6F044C67A8EE}.Debug|Any CPU.Build.0 = Debug|Any CPU
		{016B873D-5152-454D-B4CE-6F044C67A8EE}.Release|Any CPU.ActiveCfg = Release|Any CPU
		{016B873D-5152-454D-B4CE-6F044C67A8EE}.Release|Any CPU.Build.0 = Release|Any CPU
		{9C1B9263-9D58-4866-8A13-49FD04F5D919}.Debug|Any CPU.ActiveCfg = Debug|Any CPU
		{9C1B9263-9D58-4866-8A13-49FD04F5D919}.Debug|Any CPU.Build.0 = Debug|Any CPU
		{9C1B9263-9D58-4866-8A13-49FD04F5D919}.Release|Any CPU.ActiveCfg = Release|Any CPU
		{9C1B9263-9D58-4866-8A13-49FD04F5D919}.Release|Any CPU.Build.0 = Release|Any CPU
		{BE0E6390-99E9-4662-886A-FBF051FD9C22}.Debug|Any CPU.ActiveCfg = Debug|Any CPU
		{BE0E6390-99E9-4662-886A-FBF051FD9C22}.Debug|Any CPU.Build.0 = Debug|Any CPU
		{BE0E6390-99E9-4662-886A-FBF051FD9C22}.Release|Any CPU.ActiveCfg = Release|Any CPU
		{BE0E6390-99E9-4662-886A-FBF051FD9C22}.Release|Any CPU.Build.0 = Release|Any CPU
		{9FFD3520-2FA0-40BC-8363-CE723F46FDD3}.Debug|Any CPU.ActiveCfg = Debug|Any CPU
		{9FFD3520-2FA0-40BC-8363-CE723F46FDD3}.Debug|Any CPU.Build.0 = Debug|Any CPU
		{9FFD3520-2FA0-40BC-8363-CE723F46FDD3}.Release|Any CPU.ActiveCfg = Release|Any CPU
		{9FFD3520-2FA0-40BC-8363-CE723F46FDD3}.Release|Any CPU.Build.0 = Release|Any CPU
		{C3103721-5459-46AF-9E73-D980D3C2F3FE}.Debug|Any CPU.ActiveCfg = Debug|Any CPU
		{C3103721-5459-46AF-9E73-D980D3C2F3FE}.Debug|Any CPU.Build.0 = Debug|Any CPU
		{C3103721-5459-46AF-9E73-D980D3C2F3FE}.Release|Any CPU.ActiveCfg = Release|Any CPU
		{C3103721-5459-46AF-9E73-D980D3C2F3FE}.Release|Any CPU.Build.0 = Release|Any CPU
		{2BA66BEA-623F-4D99-B533-B8D4CDC895B9}.Debug|Any CPU.ActiveCfg = Debug|Any CPU
		{2BA66BEA-623F-4D99-B533-B8D4CDC895B9}.Debug|Any CPU.Build.0 = Debug|Any CPU
		{2BA66BEA-623F-4D99-B533-B8D4CDC895B9}.Release|Any CPU.ActiveCfg = Release|Any CPU
		{2BA66BEA-623F-4D99-B533-B8D4CDC895B9}.Release|Any CPU.Build.0 = Release|Any CPU
		{0DEA9CD5-B7EA-4DC4-AC3C-B55E1465F8A3}.Debug|Any CPU.ActiveCfg = Debug|Any CPU
		{0DEA9CD5-B7EA-4DC4-AC3C-B55E1465F8A3}.Debug|Any CPU.Build.0 = Debug|Any CPU
		{0DEA9CD5-B7EA-4DC4-AC3C-B55E1465F8A3}.Release|Any CPU.ActiveCfg = Release|Any CPU
		{0DEA9CD5-B7EA-4DC4-AC3C-B55E1465F8A3}.Release|Any CPU.Build.0 = Release|Any CPU
		{4B45BBED-D91D-413A-91DB-DCC8C9247BBE}.Debug|Any CPU.ActiveCfg = Debug|Any CPU
		{4B45BBED-D91D-413A-91DB-DCC8C9247BBE}.Debug|Any CPU.Build.0 = Debug|Any CPU
		{4B45BBED-D91D-413A-91DB-DCC8C9247BBE}.Release|Any CPU.ActiveCfg = Release|Any CPU
		{4B45BBED-D91D-413A-91DB-DCC8C9247BBE}.Release|Any CPU.Build.0 = Release|Any CPU
		{FC852EF4-BF98-455D-93F1-C9C7A6A613CB}.Debug|Any CPU.ActiveCfg = Debug|Any CPU
		{FC852EF4-BF98-455D-93F1-C9C7A6A613CB}.Debug|Any CPU.Build.0 = Debug|Any CPU
		{FC852EF4-BF98-455D-93F1-C9C7A6A613CB}.Release|Any CPU.ActiveCfg = Release|Any CPU
		{FC852EF4-BF98-455D-93F1-C9C7A6A613CB}.Release|Any CPU.Build.0 = Release|Any CPU
		{6D4D364E-466E-4C6F-B383-2971A4AE2CF4}.Debug|Any CPU.ActiveCfg = Debug|Any CPU
		{6D4D364E-466E-4C6F-B383-2971A4AE2CF4}.Debug|Any CPU.Build.0 = Debug|Any CPU
		{6D4D364E-466E-4C6F-B383-2971A4AE2CF4}.Release|Any CPU.ActiveCfg = Release|Any CPU
		{6D4D364E-466E-4C6F-B383-2971A4AE2CF4}.Release|Any CPU.Build.0 = Release|Any CPU
		{665FA563-813A-43C3-83B8-17E10A78267B}.Debug|Any CPU.ActiveCfg = Debug|Any CPU
		{665FA563-813A-43C3-83B8-17E10A78267B}.Debug|Any CPU.Build.0 = Debug|Any CPU
		{665FA563-813A-43C3-83B8-17E10A78267B}.Release|Any CPU.ActiveCfg = Release|Any CPU
		{665FA563-813A-43C3-83B8-17E10A78267B}.Release|Any CPU.Build.0 = Release|Any CPU
		{40A324AD-8E4F-42FE-8055-B91E85A18147}.Debug|Any CPU.ActiveCfg = Debug|Any CPU
		{40A324AD-8E4F-42FE-8055-B91E85A18147}.Debug|Any CPU.Build.0 = Debug|Any CPU
		{40A324AD-8E4F-42FE-8055-B91E85A18147}.Release|Any CPU.ActiveCfg = Release|Any CPU
		{40A324AD-8E4F-42FE-8055-B91E85A18147}.Release|Any CPU.Build.0 = Release|Any CPU
		{5078C805-3753-47E1-A22C-1C844D1EB243}.Debug|Any CPU.ActiveCfg = Debug|Any CPU
		{5078C805-3753-47E1-A22C-1C844D1EB243}.Debug|Any CPU.Build.0 = Debug|Any CPU
		{5078C805-3753-47E1-A22C-1C844D1EB243}.Release|Any CPU.ActiveCfg = Release|Any CPU
		{5078C805-3753-47E1-A22C-1C844D1EB243}.Release|Any CPU.Build.0 = Release|Any CPU
		{4BD48D31-9A81-4A76-AAAE-0CFE7F2FF63D}.Debug|Any CPU.ActiveCfg = Debug|Any CPU
		{4BD48D31-9A81-4A76-AAAE-0CFE7F2FF63D}.Debug|Any CPU.Build.0 = Debug|Any CPU
		{4BD48D31-9A81-4A76-AAAE-0CFE7F2FF63D}.Release|Any CPU.ActiveCfg = Release|Any CPU
		{4BD48D31-9A81-4A76-AAAE-0CFE7F2FF63D}.Release|Any CPU.Build.0 = Release|Any CPU
		{1A626369-8CC0-46DC-9AEC-A9B0FF3BAB94}.Debug|Any CPU.ActiveCfg = Debug|Any CPU
		{1A626369-8CC0-46DC-9AEC-A9B0FF3BAB94}.Debug|Any CPU.Build.0 = Debug|Any CPU
		{1A626369-8CC0-46DC-9AEC-A9B0FF3BAB94}.Release|Any CPU.ActiveCfg = Release|Any CPU
		{1A626369-8CC0-46DC-9AEC-A9B0FF3BAB94}.Release|Any CPU.Build.0 = Release|Any CPU
		{9D2D5EF4-1F9C-4383-B7F2-2477F7B5957C}.Debug|Any CPU.ActiveCfg = Debug|Any CPU
		{9D2D5EF4-1F9C-4383-B7F2-2477F7B5957C}.Debug|Any CPU.Build.0 = Debug|Any CPU
		{9D2D5EF4-1F9C-4383-B7F2-2477F7B5957C}.Release|Any CPU.ActiveCfg = Release|Any CPU
		{9D2D5EF4-1F9C-4383-B7F2-2477F7B5957C}.Release|Any CPU.Build.0 = Release|Any CPU
		{CE0948C7-EF7F-4F69-ADC7-37D96559D0CC}.Debug|Any CPU.ActiveCfg = Debug|Any CPU
		{CE0948C7-EF7F-4F69-ADC7-37D96559D0CC}.Debug|Any CPU.Build.0 = Debug|Any CPU
		{CE0948C7-EF7F-4F69-ADC7-37D96559D0CC}.Release|Any CPU.ActiveCfg = Release|Any CPU
		{CE0948C7-EF7F-4F69-ADC7-37D96559D0CC}.Release|Any CPU.Build.0 = Release|Any CPU
		{57593DF6-A1A7-43F4-8643-E8600290BE1A}.Debug|Any CPU.ActiveCfg = Debug|Any CPU
		{57593DF6-A1A7-43F4-8643-E8600290BE1A}.Debug|Any CPU.Build.0 = Debug|Any CPU
		{57593DF6-A1A7-43F4-8643-E8600290BE1A}.Release|Any CPU.ActiveCfg = Release|Any CPU
		{57593DF6-A1A7-43F4-8643-E8600290BE1A}.Release|Any CPU.Build.0 = Release|Any CPU
		{0DFA8CAB-0A3B-4A87-A4FD-2D32D4BDC5FD}.Debug|Any CPU.ActiveCfg = Debug|Any CPU
		{0DFA8CAB-0A3B-4A87-A4FD-2D32D4BDC5FD}.Debug|Any CPU.Build.0 = Debug|Any CPU
		{0DFA8CAB-0A3B-4A87-A4FD-2D32D4BDC5FD}.Release|Any CPU.ActiveCfg = Release|Any CPU
		{0DFA8CAB-0A3B-4A87-A4FD-2D32D4BDC5FD}.Release|Any CPU.Build.0 = Release|Any CPU
		{672D37DD-355A-4F8F-AE26-30EE2DC09A1F}.Debug|Any CPU.ActiveCfg = Debug|Any CPU
		{672D37DD-355A-4F8F-AE26-30EE2DC09A1F}.Debug|Any CPU.Build.0 = Debug|Any CPU
		{672D37DD-355A-4F8F-AE26-30EE2DC09A1F}.Release|Any CPU.ActiveCfg = Release|Any CPU
		{672D37DD-355A-4F8F-AE26-30EE2DC09A1F}.Release|Any CPU.Build.0 = Release|Any CPU
		{A07A1743-BE7D-4CA6-A70C-06E4502E50E8}.Debug|Any CPU.ActiveCfg = Debug|Any CPU
		{A07A1743-BE7D-4CA6-A70C-06E4502E50E8}.Debug|Any CPU.Build.0 = Debug|Any CPU
		{A07A1743-BE7D-4CA6-A70C-06E4502E50E8}.Release|Any CPU.ActiveCfg = Release|Any CPU
		{A07A1743-BE7D-4CA6-A70C-06E4502E50E8}.Release|Any CPU.Build.0 = Release|Any CPU
		{C017AF20-F86E-4CA9-9668-B29478927CCB}.Debug|Any CPU.ActiveCfg = Debug|Any CPU
		{C017AF20-F86E-4CA9-9668-B29478927CCB}.Debug|Any CPU.Build.0 = Debug|Any CPU
		{C017AF20-F86E-4CA9-9668-B29478927CCB}.Release|Any CPU.ActiveCfg = Release|Any CPU
		{C017AF20-F86E-4CA9-9668-B29478927CCB}.Release|Any CPU.Build.0 = Release|Any CPU
		{11E26228-D361-4ED2-B623-FF3D22009A0D}.Debug|Any CPU.ActiveCfg = Debug|Any CPU
		{11E26228-D361-4ED2-B623-FF3D22009A0D}.Debug|Any CPU.Build.0 = Debug|Any CPU
		{11E26228-D361-4ED2-B623-FF3D22009A0D}.Release|Any CPU.ActiveCfg = Release|Any CPU
		{11E26228-D361-4ED2-B623-FF3D22009A0D}.Release|Any CPU.Build.0 = Release|Any CPU
		{BF170607-2E97-48A5-B895-B020DF5947BD}.Debug|Any CPU.ActiveCfg = Debug|Any CPU
		{BF170607-2E97-48A5-B895-B020DF5947BD}.Debug|Any CPU.Build.0 = Debug|Any CPU
		{BF170607-2E97-48A5-B895-B020DF5947BD}.Release|Any CPU.ActiveCfg = Release|Any CPU
		{BF170607-2E97-48A5-B895-B020DF5947BD}.Release|Any CPU.Build.0 = Release|Any CPU
		{9451332A-94BC-4138-B208-6320F5139CEE}.Debug|Any CPU.ActiveCfg = Debug|Any CPU
		{9451332A-94BC-4138-B208-6320F5139CEE}.Debug|Any CPU.Build.0 = Debug|Any CPU
		{9451332A-94BC-4138-B208-6320F5139CEE}.Release|Any CPU.ActiveCfg = Release|Any CPU
		{9451332A-94BC-4138-B208-6320F5139CEE}.Release|Any CPU.Build.0 = Release|Any CPU
		{4AC8813F-38B0-4BF7-9B32-6D05740001C2}.Debug|Any CPU.ActiveCfg = Debug|Any CPU
		{4AC8813F-38B0-4BF7-9B32-6D05740001C2}.Debug|Any CPU.Build.0 = Debug|Any CPU
		{4AC8813F-38B0-4BF7-9B32-6D05740001C2}.Release|Any CPU.ActiveCfg = Release|Any CPU
		{4AC8813F-38B0-4BF7-9B32-6D05740001C2}.Release|Any CPU.Build.0 = Release|Any CPU
		{8627EF40-1412-4D0E-B113-67FF89EB45AC}.Debug|Any CPU.ActiveCfg = Debug|Any CPU
		{8627EF40-1412-4D0E-B113-67FF89EB45AC}.Debug|Any CPU.Build.0 = Debug|Any CPU
		{8627EF40-1412-4D0E-B113-67FF89EB45AC}.Release|Any CPU.ActiveCfg = Release|Any CPU
		{8627EF40-1412-4D0E-B113-67FF89EB45AC}.Release|Any CPU.Build.0 = Release|Any CPU
		{A99BA460-065E-4D17-AA96-FF189CBCFECE}.Debug|Any CPU.ActiveCfg = Debug|Any CPU
		{A99BA460-065E-4D17-AA96-FF189CBCFECE}.Debug|Any CPU.Build.0 = Debug|Any CPU
		{A99BA460-065E-4D17-AA96-FF189CBCFECE}.Release|Any CPU.ActiveCfg = Release|Any CPU
		{A99BA460-065E-4D17-AA96-FF189CBCFECE}.Release|Any CPU.Build.0 = Release|Any CPU
		{92896A74-6B48-4813-B63B-5A29309069F0}.Debug|Any CPU.ActiveCfg = Debug|Any CPU
		{92896A74-6B48-4813-B63B-5A29309069F0}.Debug|Any CPU.Build.0 = Debug|Any CPU
		{92896A74-6B48-4813-B63B-5A29309069F0}.Release|Any CPU.ActiveCfg = Release|Any CPU
		{92896A74-6B48-4813-B63B-5A29309069F0}.Release|Any CPU.Build.0 = Release|Any CPU
		{907ADA62-ACEF-47C6-8346-C8B815EF5CCF}.Debug|Any CPU.ActiveCfg = Debug|Any CPU
		{907ADA62-ACEF-47C6-8346-C8B815EF5CCF}.Debug|Any CPU.Build.0 = Debug|Any CPU
		{907ADA62-ACEF-47C6-8346-C8B815EF5CCF}.Release|Any CPU.ActiveCfg = Release|Any CPU
		{907ADA62-ACEF-47C6-8346-C8B815EF5CCF}.Release|Any CPU.Build.0 = Release|Any CPU
		{8D3AACB0-1DAB-4A6B-9C4F-84ED608DAEBD}.Debug|Any CPU.ActiveCfg = Debug|Any CPU
		{8D3AACB0-1DAB-4A6B-9C4F-84ED608DAEBD}.Debug|Any CPU.Build.0 = Debug|Any CPU
		{8D3AACB0-1DAB-4A6B-9C4F-84ED608DAEBD}.Release|Any CPU.ActiveCfg = Release|Any CPU
		{8D3AACB0-1DAB-4A6B-9C4F-84ED608DAEBD}.Release|Any CPU.Build.0 = Release|Any CPU
		{A2A1A120-052C-4F29-A288-05799F577562}.Debug|Any CPU.ActiveCfg = Debug|Any CPU
		{A2A1A120-052C-4F29-A288-05799F577562}.Debug|Any CPU.Build.0 = Debug|Any CPU
		{A2A1A120-052C-4F29-A288-05799F577562}.Release|Any CPU.ActiveCfg = Release|Any CPU
		{A2A1A120-052C-4F29-A288-05799F577562}.Release|Any CPU.Build.0 = Release|Any CPU
		{911ADA80-C262-4BFD-9A43-807463DF7A8B}.Debug|Any CPU.ActiveCfg = Debug|Any CPU
		{911ADA80-C262-4BFD-9A43-807463DF7A8B}.Debug|Any CPU.Build.0 = Debug|Any CPU
		{911ADA80-C262-4BFD-9A43-807463DF7A8B}.Release|Any CPU.ActiveCfg = Release|Any CPU
		{911ADA80-C262-4BFD-9A43-807463DF7A8B}.Release|Any CPU.Build.0 = Release|Any CPU
		{C1DDFC2D-250F-4B10-A6D8-027F7B9303BA}.Debug|Any CPU.ActiveCfg = Debug|Any CPU
		{C1DDFC2D-250F-4B10-A6D8-027F7B9303BA}.Debug|Any CPU.Build.0 = Debug|Any CPU
		{C1DDFC2D-250F-4B10-A6D8-027F7B9303BA}.Release|Any CPU.ActiveCfg = Release|Any CPU
		{C1DDFC2D-250F-4B10-A6D8-027F7B9303BA}.Release|Any CPU.Build.0 = Release|Any CPU
		{B66C6F64-9B6F-419D-8846-B864C6A6BABF}.Debug|Any CPU.ActiveCfg = Debug|Any CPU
		{B66C6F64-9B6F-419D-8846-B864C6A6BABF}.Debug|Any CPU.Build.0 = Debug|Any CPU
		{B66C6F64-9B6F-419D-8846-B864C6A6BABF}.Release|Any CPU.ActiveCfg = Release|Any CPU
		{B66C6F64-9B6F-419D-8846-B864C6A6BABF}.Release|Any CPU.Build.0 = Release|Any CPU
		{E941E08C-7A9E-47A8-BEA2-DFEC647196C3}.Debug|Any CPU.ActiveCfg = Debug|Any CPU
		{E941E08C-7A9E-47A8-BEA2-DFEC647196C3}.Debug|Any CPU.Build.0 = Debug|Any CPU
		{E941E08C-7A9E-47A8-BEA2-DFEC647196C3}.Release|Any CPU.ActiveCfg = Release|Any CPU
		{E941E08C-7A9E-47A8-BEA2-DFEC647196C3}.Release|Any CPU.Build.0 = Release|Any CPU
		{0EA22E9A-A630-420A-AA0E-35DDAD759A0D}.Debug|Any CPU.ActiveCfg = Debug|Any CPU
		{0EA22E9A-A630-420A-AA0E-35DDAD759A0D}.Debug|Any CPU.Build.0 = Debug|Any CPU
		{0EA22E9A-A630-420A-AA0E-35DDAD759A0D}.Release|Any CPU.ActiveCfg = Release|Any CPU
		{0EA22E9A-A630-420A-AA0E-35DDAD759A0D}.Release|Any CPU.Build.0 = Release|Any CPU
		{4D98D842-5E8E-4CFD-8183-3634EA87CABF}.Debug|Any CPU.ActiveCfg = Debug|Any CPU
		{4D98D842-5E8E-4CFD-8183-3634EA87CABF}.Debug|Any CPU.Build.0 = Debug|Any CPU
		{4D98D842-5E8E-4CFD-8183-3634EA87CABF}.Release|Any CPU.ActiveCfg = Release|Any CPU
		{4D98D842-5E8E-4CFD-8183-3634EA87CABF}.Release|Any CPU.Build.0 = Release|Any CPU
		{A84040E1-8936-4C77-884F-31F239FB933F}.Debug|Any CPU.ActiveCfg = Debug|Any CPU
		{A84040E1-8936-4C77-884F-31F239FB933F}.Debug|Any CPU.Build.0 = Debug|Any CPU
		{A84040E1-8936-4C77-884F-31F239FB933F}.Release|Any CPU.ActiveCfg = Release|Any CPU
		{A84040E1-8936-4C77-884F-31F239FB933F}.Release|Any CPU.Build.0 = Release|Any CPU
		{3A651A44-BABD-43D5-98E4-DB42A81DDBD4}.Debug|Any CPU.ActiveCfg = Debug|Any CPU
		{3A651A44-BABD-43D5-98E4-DB42A81DDBD4}.Debug|Any CPU.Build.0 = Debug|Any CPU
		{3A651A44-BABD-43D5-98E4-DB42A81DDBD4}.Release|Any CPU.ActiveCfg = Release|Any CPU
		{3A651A44-BABD-43D5-98E4-DB42A81DDBD4}.Release|Any CPU.Build.0 = Release|Any CPU
		{B1DEE6EA-42FB-4152-9B54-08FAE8316A5C}.Debug|Any CPU.ActiveCfg = Debug|Any CPU
		{B1DEE6EA-42FB-4152-9B54-08FAE8316A5C}.Debug|Any CPU.Build.0 = Debug|Any CPU
		{B1DEE6EA-42FB-4152-9B54-08FAE8316A5C}.Release|Any CPU.ActiveCfg = Release|Any CPU
		{B1DEE6EA-42FB-4152-9B54-08FAE8316A5C}.Release|Any CPU.Build.0 = Release|Any CPU
		{72F170FB-F333-4345-9442-9CF556F754F0}.Debug|Any CPU.ActiveCfg = Debug|Any CPU
		{72F170FB-F333-4345-9442-9CF556F754F0}.Debug|Any CPU.Build.0 = Debug|Any CPU
		{72F170FB-F333-4345-9442-9CF556F754F0}.Release|Any CPU.ActiveCfg = Release|Any CPU
		{72F170FB-F333-4345-9442-9CF556F754F0}.Release|Any CPU.Build.0 = Release|Any CPU
		{C4F10018-DAFA-4739-9B9F-F8B90CFD286A}.Debug|Any CPU.ActiveCfg = Debug|Any CPU
		{C4F10018-DAFA-4739-9B9F-F8B90CFD286A}.Debug|Any CPU.Build.0 = Debug|Any CPU
		{C4F10018-DAFA-4739-9B9F-F8B90CFD286A}.Release|Any CPU.ActiveCfg = Release|Any CPU
		{C4F10018-DAFA-4739-9B9F-F8B90CFD286A}.Release|Any CPU.Build.0 = Release|Any CPU
		{D76BF1D2-5248-4E9F-8B1F-55036798E300}.Debug|Any CPU.ActiveCfg = Debug|Any CPU
		{D76BF1D2-5248-4E9F-8B1F-55036798E300}.Debug|Any CPU.Build.0 = Debug|Any CPU
		{D76BF1D2-5248-4E9F-8B1F-55036798E300}.Release|Any CPU.ActiveCfg = Release|Any CPU
		{D76BF1D2-5248-4E9F-8B1F-55036798E300}.Release|Any CPU.Build.0 = Release|Any CPU
		{961A781D-8062-41E8-A57B-062440C075FD}.Debug|Any CPU.ActiveCfg = Debug|Any CPU
		{961A781D-8062-41E8-A57B-062440C075FD}.Debug|Any CPU.Build.0 = Debug|Any CPU
		{961A781D-8062-41E8-A57B-062440C075FD}.Release|Any CPU.ActiveCfg = Release|Any CPU
		{961A781D-8062-41E8-A57B-062440C075FD}.Release|Any CPU.Build.0 = Release|Any CPU
		{D3101A90-3603-4F22-9C98-B7493A380AA0}.Debug|Any CPU.ActiveCfg = Debug|Any CPU
		{D3101A90-3603-4F22-9C98-B7493A380AA0}.Debug|Any CPU.Build.0 = Debug|Any CPU
		{D3101A90-3603-4F22-9C98-B7493A380AA0}.Release|Any CPU.ActiveCfg = Release|Any CPU
		{D3101A90-3603-4F22-9C98-B7493A380AA0}.Release|Any CPU.Build.0 = Release|Any CPU
		{A6388FA3-8EDF-4465-B9E3-69FBBEA5B2C8}.Debug|Any CPU.ActiveCfg = Debug|Any CPU
		{A6388FA3-8EDF-4465-B9E3-69FBBEA5B2C8}.Debug|Any CPU.Build.0 = Debug|Any CPU
		{A6388FA3-8EDF-4465-B9E3-69FBBEA5B2C8}.Release|Any CPU.ActiveCfg = Release|Any CPU
		{A6388FA3-8EDF-4465-B9E3-69FBBEA5B2C8}.Release|Any CPU.Build.0 = Release|Any CPU
		{EE19A303-B70A-474F-9D57-AA313DEA1BD6}.Debug|Any CPU.ActiveCfg = Debug|Any CPU
		{EE19A303-B70A-474F-9D57-AA313DEA1BD6}.Debug|Any CPU.Build.0 = Debug|Any CPU
		{EE19A303-B70A-474F-9D57-AA313DEA1BD6}.Release|Any CPU.ActiveCfg = Release|Any CPU
		{EE19A303-B70A-474F-9D57-AA313DEA1BD6}.Release|Any CPU.Build.0 = Release|Any CPU
		{45B6EC95-1D11-497D-AC56-EC870BDF176A}.Debug|Any CPU.ActiveCfg = Debug|Any CPU
		{45B6EC95-1D11-497D-AC56-EC870BDF176A}.Debug|Any CPU.Build.0 = Debug|Any CPU
		{45B6EC95-1D11-497D-AC56-EC870BDF176A}.Release|Any CPU.ActiveCfg = Release|Any CPU
		{45B6EC95-1D11-497D-AC56-EC870BDF176A}.Release|Any CPU.Build.0 = Release|Any CPU
		{F70E35C1-FC07-43DD-BD7F-4C546E534DCB}.Debug|Any CPU.ActiveCfg = Debug|Any CPU
		{F70E35C1-FC07-43DD-BD7F-4C546E534DCB}.Debug|Any CPU.Build.0 = Debug|Any CPU
		{F70E35C1-FC07-43DD-BD7F-4C546E534DCB}.Release|Any CPU.ActiveCfg = Release|Any CPU
		{F70E35C1-FC07-43DD-BD7F-4C546E534DCB}.Release|Any CPU.Build.0 = Release|Any CPU
		{D494EC3F-1BBD-4CDC-8712-CE62EC3412A3}.Debug|Any CPU.ActiveCfg = Debug|Any CPU
		{D494EC3F-1BBD-4CDC-8712-CE62EC3412A3}.Debug|Any CPU.Build.0 = Debug|Any CPU
		{D494EC3F-1BBD-4CDC-8712-CE62EC3412A3}.Release|Any CPU.ActiveCfg = Release|Any CPU
		{D494EC3F-1BBD-4CDC-8712-CE62EC3412A3}.Release|Any CPU.Build.0 = Release|Any CPU
		{CF82324C-B2E9-4E64-BB43-0EE1D793EA41}.Debug|Any CPU.ActiveCfg = Debug|Any CPU
		{CF82324C-B2E9-4E64-BB43-0EE1D793EA41}.Debug|Any CPU.Build.0 = Debug|Any CPU
		{CF82324C-B2E9-4E64-BB43-0EE1D793EA41}.Release|Any CPU.ActiveCfg = Release|Any CPU
		{CF82324C-B2E9-4E64-BB43-0EE1D793EA41}.Release|Any CPU.Build.0 = Release|Any CPU
		{A7C60D71-ED00-4396-BB3C-3CB0093CE9AA}.Debug|Any CPU.ActiveCfg = Debug|Any CPU
		{A7C60D71-ED00-4396-BB3C-3CB0093CE9AA}.Debug|Any CPU.Build.0 = Debug|Any CPU
		{A7C60D71-ED00-4396-BB3C-3CB0093CE9AA}.Release|Any CPU.ActiveCfg = Release|Any CPU
		{A7C60D71-ED00-4396-BB3C-3CB0093CE9AA}.Release|Any CPU.Build.0 = Release|Any CPU
		{8FE9574F-1060-4244-9FF7-46FF42EFFF26}.Debug|Any CPU.ActiveCfg = Debug|Any CPU
		{8FE9574F-1060-4244-9FF7-46FF42EFFF26}.Debug|Any CPU.Build.0 = Debug|Any CPU
		{8FE9574F-1060-4244-9FF7-46FF42EFFF26}.Release|Any CPU.ActiveCfg = Release|Any CPU
		{8FE9574F-1060-4244-9FF7-46FF42EFFF26}.Release|Any CPU.Build.0 = Release|Any CPU
		{F536212A-DC03-48B9-9143-E8EB418A53B0}.Debug|Any CPU.ActiveCfg = Debug|Any CPU
		{F536212A-DC03-48B9-9143-E8EB418A53B0}.Debug|Any CPU.Build.0 = Debug|Any CPU
		{F536212A-DC03-48B9-9143-E8EB418A53B0}.Release|Any CPU.ActiveCfg = Release|Any CPU
		{F536212A-DC03-48B9-9143-E8EB418A53B0}.Release|Any CPU.Build.0 = Release|Any CPU
		{250FA32F-5D3D-4B19-A080-68A6F62E423F}.Debug|Any CPU.ActiveCfg = Debug|Any CPU
		{250FA32F-5D3D-4B19-A080-68A6F62E423F}.Debug|Any CPU.Build.0 = Debug|Any CPU
		{250FA32F-5D3D-4B19-A080-68A6F62E423F}.Release|Any CPU.ActiveCfg = Release|Any CPU
		{250FA32F-5D3D-4B19-A080-68A6F62E423F}.Release|Any CPU.Build.0 = Release|Any CPU
		{A0E548CB-1115-47CB-961C-684747777F7F}.Debug|Any CPU.ActiveCfg = Debug|Any CPU
		{A0E548CB-1115-47CB-961C-684747777F7F}.Debug|Any CPU.Build.0 = Debug|Any CPU
		{A0E548CB-1115-47CB-961C-684747777F7F}.Release|Any CPU.ActiveCfg = Release|Any CPU
		{A0E548CB-1115-47CB-961C-684747777F7F}.Release|Any CPU.Build.0 = Release|Any CPU
		{F9015956-507A-44C5-A41C-48747FFBA4B3}.Debug|Any CPU.ActiveCfg = Debug|Any CPU
		{F9015956-507A-44C5-A41C-48747FFBA4B3}.Debug|Any CPU.Build.0 = Debug|Any CPU
		{F9015956-507A-44C5-A41C-48747FFBA4B3}.Release|Any CPU.ActiveCfg = Release|Any CPU
		{F9015956-507A-44C5-A41C-48747FFBA4B3}.Release|Any CPU.Build.0 = Release|Any CPU
		{2ECDD8F7-5B9C-4A70-B2EA-2AB7F0DCEA48}.Debug|Any CPU.ActiveCfg = Debug|Any CPU
		{2ECDD8F7-5B9C-4A70-B2EA-2AB7F0DCEA48}.Debug|Any CPU.Build.0 = Debug|Any CPU
		{2ECDD8F7-5B9C-4A70-B2EA-2AB7F0DCEA48}.Release|Any CPU.ActiveCfg = Release|Any CPU
		{2ECDD8F7-5B9C-4A70-B2EA-2AB7F0DCEA48}.Release|Any CPU.Build.0 = Release|Any CPU
		{9F333386-D308-44C2-BF5A-170064EB7548}.Debug|Any CPU.ActiveCfg = Debug|Any CPU
		{9F333386-D308-44C2-BF5A-170064EB7548}.Debug|Any CPU.Build.0 = Debug|Any CPU
		{9F333386-D308-44C2-BF5A-170064EB7548}.Release|Any CPU.ActiveCfg = Release|Any CPU
		{9F333386-D308-44C2-BF5A-170064EB7548}.Release|Any CPU.Build.0 = Release|Any CPU
		{60370E6F-69BE-47BF-870C-6652F6CC9B62}.Debug|Any CPU.ActiveCfg = Debug|Any CPU
		{60370E6F-69BE-47BF-870C-6652F6CC9B62}.Debug|Any CPU.Build.0 = Debug|Any CPU
		{60370E6F-69BE-47BF-870C-6652F6CC9B62}.Release|Any CPU.ActiveCfg = Release|Any CPU
		{60370E6F-69BE-47BF-870C-6652F6CC9B62}.Release|Any CPU.Build.0 = Release|Any CPU
		{E6EF2114-91B3-4A91-8F99-FDE545522562}.Debug|Any CPU.ActiveCfg = Debug|Any CPU
		{E6EF2114-91B3-4A91-8F99-FDE545522562}.Debug|Any CPU.Build.0 = Debug|Any CPU
		{E6EF2114-91B3-4A91-8F99-FDE545522562}.Release|Any CPU.ActiveCfg = Release|Any CPU
		{E6EF2114-91B3-4A91-8F99-FDE545522562}.Release|Any CPU.Build.0 = Release|Any CPU
		{63666301-924C-4319-BF13-A20EE2B09403}.Debug|Any CPU.ActiveCfg = Debug|Any CPU
		{63666301-924C-4319-BF13-A20EE2B09403}.Debug|Any CPU.Build.0 = Debug|Any CPU
		{63666301-924C-4319-BF13-A20EE2B09403}.Release|Any CPU.ActiveCfg = Release|Any CPU
		{63666301-924C-4319-BF13-A20EE2B09403}.Release|Any CPU.Build.0 = Release|Any CPU
		{2FCE07A9-F7FE-4DE8-BD95-74B2BD03F87F}.Debug|Any CPU.ActiveCfg = Debug|Any CPU
		{2FCE07A9-F7FE-4DE8-BD95-74B2BD03F87F}.Debug|Any CPU.Build.0 = Debug|Any CPU
		{2FCE07A9-F7FE-4DE8-BD95-74B2BD03F87F}.Release|Any CPU.ActiveCfg = Release|Any CPU
		{2FCE07A9-F7FE-4DE8-BD95-74B2BD03F87F}.Release|Any CPU.Build.0 = Release|Any CPU
		{81C286C3-F10F-4CBD-9924-66F9BFE08078}.Debug|Any CPU.ActiveCfg = Debug|Any CPU
		{81C286C3-F10F-4CBD-9924-66F9BFE08078}.Debug|Any CPU.Build.0 = Debug|Any CPU
		{81C286C3-F10F-4CBD-9924-66F9BFE08078}.Release|Any CPU.ActiveCfg = Release|Any CPU
		{81C286C3-F10F-4CBD-9924-66F9BFE08078}.Release|Any CPU.Build.0 = Release|Any CPU
		{2C464A43-05AB-4DA8-B438-EA9FE5E72B90}.Debug|Any CPU.ActiveCfg = Debug|Any CPU
		{2C464A43-05AB-4DA8-B438-EA9FE5E72B90}.Debug|Any CPU.Build.0 = Debug|Any CPU
		{2C464A43-05AB-4DA8-B438-EA9FE5E72B90}.Release|Any CPU.ActiveCfg = Release|Any CPU
		{2C464A43-05AB-4DA8-B438-EA9FE5E72B90}.Release|Any CPU.Build.0 = Release|Any CPU
		{E4F82ADE-F7C8-4DEF-A169-E795544DAF61}.Debug|Any CPU.ActiveCfg = Debug|Any CPU
		{E4F82ADE-F7C8-4DEF-A169-E795544DAF61}.Debug|Any CPU.Build.0 = Debug|Any CPU
		{E4F82ADE-F7C8-4DEF-A169-E795544DAF61}.Release|Any CPU.ActiveCfg = Release|Any CPU
		{E4F82ADE-F7C8-4DEF-A169-E795544DAF61}.Release|Any CPU.Build.0 = Release|Any CPU
		{32101078-F6D1-477D-884F-FC4B5423DD8B}.Debug|Any CPU.ActiveCfg = Debug|Any CPU
		{32101078-F6D1-477D-884F-FC4B5423DD8B}.Debug|Any CPU.Build.0 = Debug|Any CPU
		{32101078-F6D1-477D-884F-FC4B5423DD8B}.Release|Any CPU.ActiveCfg = Release|Any CPU
		{32101078-F6D1-477D-884F-FC4B5423DD8B}.Release|Any CPU.Build.0 = Release|Any CPU
		{8BC87BE7-155D-4D8D-987A-157FCB551FE0}.Debug|Any CPU.ActiveCfg = Debug|Any CPU
		{8BC87BE7-155D-4D8D-987A-157FCB551FE0}.Debug|Any CPU.Build.0 = Debug|Any CPU
		{8BC87BE7-155D-4D8D-987A-157FCB551FE0}.Release|Any CPU.ActiveCfg = Release|Any CPU
		{8BC87BE7-155D-4D8D-987A-157FCB551FE0}.Release|Any CPU.Build.0 = Release|Any CPU
		{40990B53-BF2D-4ED7-AA23-1D84E3207902}.Debug|Any CPU.ActiveCfg = Debug|Any CPU
		{40990B53-BF2D-4ED7-AA23-1D84E3207902}.Debug|Any CPU.Build.0 = Debug|Any CPU
		{40990B53-BF2D-4ED7-AA23-1D84E3207902}.Release|Any CPU.ActiveCfg = Release|Any CPU
		{40990B53-BF2D-4ED7-AA23-1D84E3207902}.Release|Any CPU.Build.0 = Release|Any CPU
		{D6BE6DE7-DF8B-4EE6-85D4-6BAC078B6834}.Debug|Any CPU.ActiveCfg = Debug|Any CPU
		{D6BE6DE7-DF8B-4EE6-85D4-6BAC078B6834}.Debug|Any CPU.Build.0 = Debug|Any CPU
		{D6BE6DE7-DF8B-4EE6-85D4-6BAC078B6834}.Release|Any CPU.ActiveCfg = Release|Any CPU
		{D6BE6DE7-DF8B-4EE6-85D4-6BAC078B6834}.Release|Any CPU.Build.0 = Release|Any CPU
	EndGlobalSection
	GlobalSection(SolutionProperties) = preSolution
		HideSolutionNode = FALSE
	EndGlobalSection
	GlobalSection(NestedProjects) = preSolution
		{483F10F0-AE9A-444B-BA25-AD43EFCECB60} = {4F23CF6B-57BE-44EF-B6D3-C0F247A8DEB6}
		{CD81AED2-EB19-4629-95A6-ED269C893627} = {4F23CF6B-57BE-44EF-B6D3-C0F247A8DEB6}
		{451CAD2F-CDDF-47CC-8C9C-FA51E0ADB07C} = {4F19C00D-6324-4748-8FB0-E69052771FB3}
		{88FBB38D-CE64-4A19-A179-E8DFF1E9EF5A} = {4F19C00D-6324-4748-8FB0-E69052771FB3}
		{E184BCEC-1722-4BBE-BCEE-D7A4842B9E9A} = {93E15D98-7749-4C2B-9856-CCF80BFADD06}
		{7361ADCF-C84B-4FD0-8779-9D8CF61B259B} = {41AB4F9F-8C59-4E9E-85F0-B805DA8BD751}
		{DD664940-23DD-4F04-9FFD-C781389B8653} = {41AB4F9F-8C59-4E9E-85F0-B805DA8BD751}
		{4B91F566-38D0-49CF-987F-A4A16EF72990} = {41AB4F9F-8C59-4E9E-85F0-B805DA8BD751}
		{747DB95A-281D-4984-A3A4-DE6073634E21} = {41AB4F9F-8C59-4E9E-85F0-B805DA8BD751}
		{F13CEECA-9BBF-47A7-A600-51B0086E44AB} = {41AB4F9F-8C59-4E9E-85F0-B805DA8BD751}
		{93651D49-B990-46D8-B4B2-C592255EBA3E} = {41AB4F9F-8C59-4E9E-85F0-B805DA8BD751}
		{2ACF1F83-FBD2-4D79-B36B-94C97CFD787E} = {41AB4F9F-8C59-4E9E-85F0-B805DA8BD751}
		{3B8B8B7F-30B4-422F-80E8-A9C28CB7B43C} = {41AB4F9F-8C59-4E9E-85F0-B805DA8BD751}
		{E97B9E46-D0E7-4538-A9A0-CAC254688592} = {4F19C00D-6324-4748-8FB0-E69052771FB3}
		{83803C48-B627-4243-8D35-1FC47C57C4C9} = {4F19C00D-6324-4748-8FB0-E69052771FB3}
		{24DBD315-F00D-41B5-B784-58B1C0755B08} = {4F19C00D-6324-4748-8FB0-E69052771FB3}
		{C22C912E-9086-45A3-9B97-28C40A6376DB} = {4F19C00D-6324-4748-8FB0-E69052771FB3}
		{BFF4DE85-F41B-4C58-8A00-B8D98A984000} = {4F19C00D-6324-4748-8FB0-E69052771FB3}
		{016B873D-5152-454D-B4CE-6F044C67A8EE} = {4F19C00D-6324-4748-8FB0-E69052771FB3}
		{9C1B9263-9D58-4866-8A13-49FD04F5D919} = {4F19C00D-6324-4748-8FB0-E69052771FB3}
		{BE0E6390-99E9-4662-886A-FBF051FD9C22} = {4F19C00D-6324-4748-8FB0-E69052771FB3}
		{9FFD3520-2FA0-40BC-8363-CE723F46FDD3} = {4F19C00D-6324-4748-8FB0-E69052771FB3}
		{C3103721-5459-46AF-9E73-D980D3C2F3FE} = {4F19C00D-6324-4748-8FB0-E69052771FB3}
		{2BA66BEA-623F-4D99-B533-B8D4CDC895B9} = {4F19C00D-6324-4748-8FB0-E69052771FB3}
		{0DEA9CD5-B7EA-4DC4-AC3C-B55E1465F8A3} = {FD87B9F7-931B-440D-BA33-6E0072E4E072}
		{4B45BBED-D91D-413A-91DB-DCC8C9247BBE} = {FD87B9F7-931B-440D-BA33-6E0072E4E072}
		{FC852EF4-BF98-455D-93F1-C9C7A6A613CB} = {FD87B9F7-931B-440D-BA33-6E0072E4E072}
		{6D4D364E-466E-4C6F-B383-2971A4AE2CF4} = {FD87B9F7-931B-440D-BA33-6E0072E4E072}
		{665FA563-813A-43C3-83B8-17E10A78267B} = {1C9C8201-A777-4BDC-A8C6-D6F88403D1E5}
		{40A324AD-8E4F-42FE-8055-B91E85A18147} = {1C9C8201-A777-4BDC-A8C6-D6F88403D1E5}
		{4BD48D31-9A81-4A76-AAAE-0CFE7F2FF63D} = {1C9C8201-A777-4BDC-A8C6-D6F88403D1E5}
		{1A626369-8CC0-46DC-9AEC-A9B0FF3BAB94} = {FD87B9F7-931B-440D-BA33-6E0072E4E072}
		{9D2D5EF4-1F9C-4383-B7F2-2477F7B5957C} = {FD87B9F7-931B-440D-BA33-6E0072E4E072}
		{CE0948C7-EF7F-4F69-ADC7-37D96559D0CC} = {5F97512E-C0A7-4C02-8D40-2648B212F3EA}
		{57593DF6-A1A7-43F4-8643-E8600290BE1A} = {FD87B9F7-931B-440D-BA33-6E0072E4E072}
		{0DFA8CAB-0A3B-4A87-A4FD-2D32D4BDC5FD} = {FD87B9F7-931B-440D-BA33-6E0072E4E072}
		{672D37DD-355A-4F8F-AE26-30EE2DC09A1F} = {FD87B9F7-931B-440D-BA33-6E0072E4E072}
		{A07A1743-BE7D-4CA6-A70C-06E4502E50E8} = {FD87B9F7-931B-440D-BA33-6E0072E4E072}
		{C017AF20-F86E-4CA9-9668-B29478927CCB} = {FD87B9F7-931B-440D-BA33-6E0072E4E072}
		{11E26228-D361-4ED2-B623-FF3D22009A0D} = {FD87B9F7-931B-440D-BA33-6E0072E4E072}
		{BF170607-2E97-48A5-B895-B020DF5947BD} = {01BC067A-DE01-4B53-AFE9-5B78CEE4FC85}
		{9451332A-94BC-4138-B208-6320F5139CEE} = {01BC067A-DE01-4B53-AFE9-5B78CEE4FC85}
		{4AC8813F-38B0-4BF7-9B32-6D05740001C2} = {01BC067A-DE01-4B53-AFE9-5B78CEE4FC85}
		{8627EF40-1412-4D0E-B113-67FF89EB45AC} = {01BC067A-DE01-4B53-AFE9-5B78CEE4FC85}
		{A99BA460-065E-4D17-AA96-FF189CBCFECE} = {01BC067A-DE01-4B53-AFE9-5B78CEE4FC85}
		{92896A74-6B48-4813-B63B-5A29309069F0} = {01BC067A-DE01-4B53-AFE9-5B78CEE4FC85}
		{907ADA62-ACEF-47C6-8346-C8B815EF5CCF} = {01BC067A-DE01-4B53-AFE9-5B78CEE4FC85}
		{8D3AACB0-1DAB-4A6B-9C4F-84ED608DAEBD} = {01BC067A-DE01-4B53-AFE9-5B78CEE4FC85}
		{911ADA80-C262-4BFD-9A43-807463DF7A8B} = {3DF44458-5277-4486-B3F3-585CF7B357AE}
		{C1DDFC2D-250F-4B10-A6D8-027F7B9303BA} = {3DF44458-5277-4486-B3F3-585CF7B357AE}
		{B66C6F64-9B6F-419D-8846-B864C6A6BABF} = {3DF44458-5277-4486-B3F3-585CF7B357AE}
		{E941E08C-7A9E-47A8-BEA2-DFEC647196C3} = {3DF44458-5277-4486-B3F3-585CF7B357AE}
		{0EA22E9A-A630-420A-AA0E-35DDAD759A0D} = {3DF44458-5277-4486-B3F3-585CF7B357AE}
		{4D98D842-5E8E-4CFD-8183-3634EA87CABF} = {3DF44458-5277-4486-B3F3-585CF7B357AE}
		{A84040E1-8936-4C77-884F-31F239FB933F} = {3DF44458-5277-4486-B3F3-585CF7B357AE}
		{3A651A44-BABD-43D5-98E4-DB42A81DDBD4} = {3DF44458-5277-4486-B3F3-585CF7B357AE}
		{B1DEE6EA-42FB-4152-9B54-08FAE8316A5C} = {3DF44458-5277-4486-B3F3-585CF7B357AE}
		{72F170FB-F333-4345-9442-9CF556F754F0} = {3DF44458-5277-4486-B3F3-585CF7B357AE}
		{C4F10018-DAFA-4739-9B9F-F8B90CFD286A} = {3DF44458-5277-4486-B3F3-585CF7B357AE}
		{D76BF1D2-5248-4E9F-8B1F-55036798E300} = {510746BD-FAFA-403E-8B58-120FAAD2059A}
		{961A781D-8062-41E8-A57B-062440C075FD} = {510746BD-FAFA-403E-8B58-120FAAD2059A}
		{D3101A90-3603-4F22-9C98-B7493A380AA0} = {510746BD-FAFA-403E-8B58-120FAAD2059A}
		{A6388FA3-8EDF-4465-B9E3-69FBBEA5B2C8} = {01BC067A-DE01-4B53-AFE9-5B78CEE4FC85}
		{EE19A303-B70A-474F-9D57-AA313DEA1BD6} = {01BC067A-DE01-4B53-AFE9-5B78CEE4FC85}
		{45B6EC95-1D11-497D-AC56-EC870BDF176A} = {01BC067A-DE01-4B53-AFE9-5B78CEE4FC85}
		{CF82324C-B2E9-4E64-BB43-0EE1D793EA41} = {510746BD-FAFA-403E-8B58-120FAAD2059A}
		{A7C60D71-ED00-4396-BB3C-3CB0093CE9AA} = {01BC067A-DE01-4B53-AFE9-5B78CEE4FC85}
		{8FE9574F-1060-4244-9FF7-46FF42EFFF26} = {01BC067A-DE01-4B53-AFE9-5B78CEE4FC85}
		{F536212A-DC03-48B9-9143-E8EB418A53B0} = {01BC067A-DE01-4B53-AFE9-5B78CEE4FC85}
		{250FA32F-5D3D-4B19-A080-68A6F62E423F} = {70BAC9E5-DE9E-4879-A154-9541447B7BB4}
		{A0E548CB-1115-47CB-961C-684747777F7F} = {70BAC9E5-DE9E-4879-A154-9541447B7BB4}
		{F9015956-507A-44C5-A41C-48747FFBA4B3} = {70BAC9E5-DE9E-4879-A154-9541447B7BB4}
		{2ECDD8F7-5B9C-4A70-B2EA-2AB7F0DCEA48} = {70BAC9E5-DE9E-4879-A154-9541447B7BB4}
		{9F333386-D308-44C2-BF5A-170064EB7548} = {01BC067A-DE01-4B53-AFE9-5B78CEE4FC85}
		{60370E6F-69BE-47BF-870C-6652F6CC9B62} = {01BC067A-DE01-4B53-AFE9-5B78CEE4FC85}
		{E6EF2114-91B3-4A91-8F99-FDE545522562} = {3DF44458-5277-4486-B3F3-585CF7B357AE}
		{63666301-924C-4319-BF13-A20EE2B09403} = {3DF44458-5277-4486-B3F3-585CF7B357AE}
		{2FCE07A9-F7FE-4DE8-BD95-74B2BD03F87F} = {3DF44458-5277-4486-B3F3-585CF7B357AE}
		{81C286C3-F10F-4CBD-9924-66F9BFE08078} = {01BC067A-DE01-4B53-AFE9-5B78CEE4FC85}
		{2C464A43-05AB-4DA8-B438-EA9FE5E72B90} = {3DF44458-5277-4486-B3F3-585CF7B357AE}
		{E4F82ADE-F7C8-4DEF-A169-E795544DAF61} = {3DF44458-5277-4486-B3F3-585CF7B357AE}
		{32101078-F6D1-477D-884F-FC4B5423DD8B} = {3DF44458-5277-4486-B3F3-585CF7B357AE}
		{8BC87BE7-155D-4D8D-987A-157FCB551FE0} = {3DF44458-5277-4486-B3F3-585CF7B357AE}
		{40990B53-BF2D-4ED7-AA23-1D84E3207902} = {3DF44458-5277-4486-B3F3-585CF7B357AE}
		{D6BE6DE7-DF8B-4EE6-85D4-6BAC078B6834} = {3DF44458-5277-4486-B3F3-585CF7B357AE}
	EndGlobalSection
	GlobalSection(ExtensibilityGlobals) = postSolution
		SolutionGuid = {D8282B92-1BD9-46FB-A23B-4AD1E0EA297F}
	EndGlobalSection
EndGlobal
